
Microsoft Visual Studio Solution File, Format Version 12.00
# Visual Studio Version 16
VisualStudioVersion = 16.0.30011.22
MinimumVisualStudioVersion = 10.0.40219.1
Project("{FAE04EC0-301F-11D3-BF4B-00C04F79EFBC}") = "Web-Attack.Desktop", "Web-Attack.Desktop\Web-Attack.Desktop.csproj", "{A1FF9F14-2FA4-4761-8509-335132861FCC}"
EndProject
Project("{FAE04EC0-301F-11D3-BF4B-00C04F79EFBC}") = "Web-Attack.Common", "Web-Attack.Common\Web-Attack.Common.csproj", "{5AB7099B-B3B9-4FE4-94DF-A9C3F7D54F95}"
EndProject
Global
	GlobalSection(SolutionConfigurationPlatforms) = preSolution
		Debug|Any CPU = Debug|Any CPU
		Release|Any CPU = Release|Any CPU
	EndGlobalSection
	GlobalSection(ProjectConfigurationPlatforms) = postSolution
		{A1FF9F14-2FA4-4761-8509-335132861FCC}.Debug|Any CPU.ActiveCfg = Debug|Any CPU
		{A1FF9F14-2FA4-4761-8509-335132861FCC}.Debug|Any CPU.Build.0 = Debug|Any CPU
		{A1FF9F14-2FA4-4761-8509-335132861FCC}.Release|Any CPU.ActiveCfg = Release|Any CPU
		{A1FF9F14-2FA4-4761-8509-335132861FCC}.Release|Any CPU.Build.0 = Release|Any CPU
		{5AB7099B-B3B9-4FE4-94DF-A9C3F7D54F95}.Debug|Any CPU.ActiveCfg = Debug|Any CPU
		{5AB7099B-B3B9-4FE4-94DF-A9C3F7D54F95}.Debug|Any CPU.Build.0 = Debug|Any CPU
		{5AB7099B-B3B9-4FE4-94DF-A9C3F7D54F95}.Release|Any CPU.ActiveCfg = Release|Any CPU
		{5AB7099B-B3B9-4FE4-94DF-A9C3F7D54F95}.Release|Any CPU.Build.0 = Release|Any CPU
	EndGlobalSection
	GlobalSection(SolutionProperties) = preSolution
		HideSolutionNode = FALSE
	EndGlobalSection
	GlobalSection(ExtensibilityGlobals) = postSolution
		SolutionGuid = {DDEC377A-7BE9-43D7-9CF0-593D70E610BE}
	EndGlobalSection
EndGlobal
